[{<<"cowlib">>,
  {git,"https://github.com/ninenines/cowlib",
       {ref,"106ba84bb04537879d8ce59321a04e0682110b91"}},
  2},
 {<<"gun">>,
  {git,"https://github.com/ninenines/gun",
       {ref,"e7dd9f227e46979d8073e71c683395a809b78cb4"}},
  1},
 {<<"jsx">>,
  {git,"git://github.com/talentdeficit/jsx.git",
       {ref,"fc2a001073f2300ba38427c23e83d5673c020542"}},
  0},
 {<<"semver">>,
  {git,"git://github.com/nebularis/semver.git",
       {ref,"c7d509f38298ec6594be4efdcd8a8f2322760039"}},
  0},
 {<<"shotgun">>,
  {git,"git://github.com/inaka/shotgun.git",
       {ref,"636d14ee112bbbed593753f3596984244502832d"}},
  0}].
